
Microsoft Visual Studio Solution File, Format Version 12.00
# Visual Studio Version 17
VisualStudioVersion = 17.14.36429.23
MinimumVisualStudioVersion = 10.0.40219.1
Project("{2150E333-8FDC-42A3-9474-1A3956D46DE8}") = "Task0", "Task0", "{02EA681E-C7D8-13C7-8484-4AC65E1B71E8}"
EndProject
Project("{FAE04EC0-301F-11D3-BF4B-00C04F79EFBC}") = "Tyuiu.KalininaMA.Sprint4.Task0.V2", "Tyuiu.KalininaMA.Sprint4.Task0.V2\Tyuiu.KalininaMA.Sprint4.Task0.V2.csproj", "{A9508B8B-4B4A-4F4E-BE55-B10E25EEC0A8}"
EndProject
Project("{FAE04EC0-301F-11D3-BF4B-00C04F79EFBC}") = "Tyuiu.KalininaMA.Sprint4.Task0.V2.Lib", "Tyuiu.KalininaMA.Sprint4.Task0.V2.Lib\Tyuiu.KalininaMA.Sprint4.Task0.V2.Lib.csproj", "{FDF596A7-38EC-41CF-8364-20D593487505}"
EndProject
Project("{FAE04EC0-301F-11D3-BF4B-00C04F79EFBC}") = "Tyuiu.KalininaMA.Sprint4.Task0.V2.Test", "Tyuiu.KalininaMA.Sprint4.Task0.V2.Test\Tyuiu.KalininaMA.Sprint4.Task0.V2.Test.csproj", "{0A0C10E8-1324-4BCA-BDC1-5B28909E8D4C}"
EndProject
Project("{2150E333-8FDC-42A3-9474-1A3956D46DE8}") = "Task1", "Task1", "{CFF4D9CF-2BD3-4DBE-8CD2-37C7DC4A4FFB}"
EndProject
Project("{FAE04EC0-301F-11D3-BF4B-00C04F79EFBC}") = "Tyuiu.KalininaMA.Sprint4.Task1.V28", "Tyuiu.KalininaMA.Sprint4.Task1.V28\Tyuiu.KalininaMA.Sprint4.Task1.V28.csproj", "{AEFCF733-8F14-4654-8F4C-6120E5E3DB22}"
EndProject
Project("{FAE04EC0-301F-11D3-BF4B-00C04F79EFBC}") = "Tyuiu.KalininaMA.Sprint4.Task1.V28.Lib", "Tyuiu.KalininaMA.Sprint4.Task1.V28.Lib\Tyuiu.KalininaMA.Sprint4.Task1.V28.Lib.csproj", "{ED970B16-9ADD-40FA-943F-DA0CF9922B7E}"
EndProject
Project("{FAE04EC0-301F-11D3-BF4B-00C04F79EFBC}") = "Tyuiu.KalininaMA.Sprint4.Task1.V28.Test", "Tyuiu.KalininaMA.Sprint4.Task1.V28.Test\Tyuiu.KalininaMA.Sprint4.Task1.V28.Test.csproj", "{8532A58E-D4D4-40B3-96DB-C4EE11ED7DC7}"
EndProject
Project("{2150E333-8FDC-42A3-9474-1A3956D46DE8}") = "Task2", "Task2", "{03C1F290-A023-4151-9CA1-73A777A50B0A}"
EndProject
Project("{FAE04EC0-301F-11D3-BF4B-00C04F79EFBC}") = "Tyuiu.KalininaMA.Sprint4.Task2.V7", "Tyuiu.KalininaMA.Sprint4.Task2.V7\Tyuiu.KalininaMA.Sprint4.Task2.V7.csproj", "{2CF0330C-0A55-4865-BB66-4439D050AB7A}"
EndProject
Project("{FAE04EC0-301F-11D3-BF4B-00C04F79EFBC}") = "Tyuiu.KalininaMA.Sprint4.Task2.V7.Lib", "Tyuiu.KalininaMA.Sprint4.Task2.V7.Lib\Tyuiu.KalininaMA.Sprint4.Task2.V7.Lib.csproj", "{1522289E-C3A0-4384-9BE3-D59D79AF68E6}"
EndProject
Project("{FAE04EC0-301F-11D3-BF4B-00C04F79EFBC}") = "Tyuiu.KalininaMA.Sprint4.Task2.V7.Test", "Tyuiu.KalininaMA.Sprint4.Task2.V7.Test\Tyuiu.KalininaMA.Sprint4.Task2.V7.Test.csproj", "{2A0801A2-B3D3-466F-A974-9E885A674D4A}"
EndProject
Project("{2150E333-8FDC-42A3-9474-1A3956D46DE8}") = "Task3", "Task3", "{65BEFE12-CE18-4FDB-98A5-1ED188F37776}"
EndProject
Project("{FAE04EC0-301F-11D3-BF4B-00C04F79EFBC}") = "Tyuiu.KalininaMA.Sprint4.Task3.V12", "Tyuiu.KalininaMA.Sprint4.Task3.V12\Tyuiu.KalininaMA.Sprint4.Task3.V12.csproj", "{61E24580-2EB1-423B-8568-9FFB1D4AA9F5}"
EndProject
Project("{FAE04EC0-301F-11D3-BF4B-00C04F79EFBC}") = "Tyuiu.KalininaMA.Sprint4.Task3.V12.Lib", "Tyuiu.KalininaMA.Sprint4.Task3.V12.Lib\Tyuiu.KalininaMA.Sprint4.Task3.V12.Lib.csproj", "{EBC56B8C-1298-43F0-B5B7-22C3AFD9C609}"
EndProject
Project("{FAE04EC0-301F-11D3-BF4B-00C04F79EFBC}") = "Tyuiu.KalininaMA.Sprint4.Task3.V12.Test", "Tyuiu.KalininaMA.Sprint4.Task3.V12.Test\Tyuiu.KalininaMA.Sprint4.Task3.V12.Test.csproj", "{8E1577B2-0008-4E3D-B969-9F6C47A638F0}"
EndProject
Project("{2150E333-8FDC-42A3-9474-1A3956D46DE8}") = "Task4", "Task4", "{FDA306F2-8B89-4B42-B844-4A1B2EFA93A6}"
EndProject
Project("{FAE04EC0-301F-11D3-BF4B-00C04F79EFBC}") = "Tyuiu.KalininaMA.Sprint4.Task4.V29", "Tyuiu.KalininaMA.Sprint4.Task4.V29\Tyuiu.KalininaMA.Sprint4.Task4.V29.csproj", "{294A77C1-242C-4328-B220-056782A41794}"
EndProject
Project("{FAE04EC0-301F-11D3-BF4B-00C04F79EFBC}") = "Tyuiu.KalininaMA.Sprint4.Task4.V29.Lib", "Tyuiu.KalininaMA.Sprint4.Task4.V29.Lib\Tyuiu.KalininaMA.Sprint4.Task4.V29.Lib.csproj", "{CF9FB39E-A42E-43C0-9658-FBEB4571ECBA}"
EndProject
Project("{FAE04EC0-301F-11D3-BF4B-00C04F79EFBC}") = "Tyuiu.KalininaMA.Sprint4.Task4.V29.Test", "Tyuiu.KalininaMA.Sprint4.Task4.V29.Test\Tyuiu.KalininaMA.Sprint4.Task4.V29.Test.csproj", "{D789A5C4-6CC7-4F3A-9279-A72C353A601A}"
EndProject
Global
	GlobalSection(SolutionConfigurationPlatforms) = preSolution
		Debug|Any CPU = Debug|Any CPU
		Release|Any CPU = Release|Any CPU
	EndGlobalSection
	GlobalSection(ProjectConfigurationPlatforms) = postSolution
		{A9508B8B-4B4A-4F4E-BE55-B10E25EEC0A8}.Debug|Any CPU.ActiveCfg = Debug|Any CPU
		{A9508B8B-4B4A-4F4E-BE55-B10E25EEC0A8}.Debug|Any CPU.Build.0 = Debug|Any CPU
		{A9508B8B-4B4A-4F4E-BE55-B10E25EEC0A8}.Release|Any CPU.ActiveCfg = Release|Any CPU
		{A9508B8B-4B4A-4F4E-BE55-B10E25EEC0A8}.Release|Any CPU.Build.0 = Release|Any CPU
		{FDF596A7-38EC-41CF-8364-20D593487505}.Debug|Any CPU.ActiveCfg = Debug|Any CPU
		{FDF596A7-38EC-41CF-8364-20D593487505}.Debug|Any CPU.Build.0 = Debug|Any CPU
		{FDF596A7-38EC-41CF-8364-20D593487505}.Release|Any CPU.ActiveCfg = Release|Any CPU
		{FDF596A7-38EC-41CF-8364-20D593487505}.Release|Any CPU.Build.0 = Release|Any CPU
		{0A0C10E8-1324-4BCA-BDC1-5B28909E8D4C}.Debug|Any CPU.ActiveCfg = Debug|Any CPU
		{0A0C10E8-1324-4BCA-BDC1-5B28909E8D4C}.Debug|Any CPU.Build.0 = Debug|Any CPU
		{0A0C10E8-1324-4BCA-BDC1-5B28909E8D4C}.Release|Any CPU.ActiveCfg = Release|Any CPU
		{0A0C10E8-1324-4BCA-BDC1-5B28909E8D4C}.Release|Any CPU.Build.0 = Release|Any CPU
		{AEFCF733-8F14-4654-8F4C-6120E5E3DB22}.Debug|Any CPU.ActiveCfg = Debug|Any CPU
		{AEFCF733-8F14-4654-8F4C-6120E5E3DB22}.Debug|Any CPU.Build.0 = Debug|Any CPU
		{AEFCF733-8F14-4654-8F4C-6120E5E3DB22}.Release|Any CPU.ActiveCfg = Release|Any CPU
		{AEFCF733-8F14-4654-8F4C-6120E5E3DB22}.Release|Any CPU.Build.0 = Release|Any CPU
		{ED970B16-9ADD-40FA-943F-DA0CF9922B7E}.Debug|Any CPU.ActiveCfg = Debug|Any CPU
		{ED970B16-9ADD-40FA-943F-DA0CF9922B7E}.Debug|Any CPU.Build.0 = Debug|Any CPU
		{ED970B16-9ADD-40FA-943F-DA0CF9922B7E}.Release|Any CPU.ActiveCfg = Release|Any CPU
		{ED970B16-9ADD-40FA-943F-DA0CF9922B7E}.Release|Any CPU.Build.0 = Release|Any CPU
		{8532A58E-D4D4-40B3-96DB-C4EE11ED7DC7}.Debug|Any CPU.ActiveCfg = Debug|Any CPU
		{8532A58E-D4D4-40B3-96DB-C4EE11ED7DC7}.Debug|Any CPU.Build.0 = Debug|Any CPU
		{8532A58E-D4D4-40B3-96DB-C4EE11ED7DC7}.Release|Any CPU.ActiveCfg = Release|Any CPU
		{8532A58E-D4D4-40B3-96DB-C4EE11ED7DC7}.Release|Any CPU.Build.0 = Release|Any CPU
		{2CF0330C-0A55-4865-BB66-4439D050AB7A}.Debug|Any CPU.ActiveCfg = Debug|Any CPU
		{2CF0330C-0A55-4865-BB66-4439D050AB7A}.Debug|Any CPU.Build.0 = Debug|Any CPU
		{2CF0330C-0A55-4865-BB66-4439D050AB7A}.Release|Any CPU.ActiveCfg = Release|Any CPU
		{2CF0330C-0A55-4865-BB66-4439D050AB7A}.Release|Any CPU.Build.0 = Release|Any CPU
		{1522289E-C3A0-4384-9BE3-D59D79AF68E6}.Debug|Any CPU.ActiveCfg = Debug|Any CPU
		{1522289E-C3A0-4384-9BE3-D59D79AF68E6}.Debug|Any CPU.Build.0 = Debug|Any CPU
		{1522289E-C3A0-4384-9BE3-D59D79AF68E6}.Release|Any CPU.ActiveCfg = Release|Any CPU
		{1522289E-C3A0-4384-9BE3-D59D79AF68E6}.Release|Any CPU.Build.0 = Release|Any CPU
		{2A0801A2-B3D3-466F-A974-9E885A674D4A}.Debug|Any CPU.ActiveCfg = Debug|Any CPU
		{2A0801A2-B3D3-466F-A974-9E885A674D4A}.Debug|Any CPU.Build.0 = Debug|Any CPU
		{2A0801A2-B3D3-466F-A974-9E885A674D4A}.Release|Any CPU.ActiveCfg = Release|Any CPU
		{2A0801A2-B3D3-466F-A974-9E885A674D4A}.Release|Any CPU.Build.0 = Release|Any CPU
		{61E24580-2EB1-423B-8568-9FFB1D4AA9F5}.Debug|Any CPU.ActiveCfg = Debug|Any CPU
		{61E24580-2EB1-423B-8568-9FFB1D4AA9F5}.Debug|Any CPU.Build.0 = Debug|Any CPU
		{61E24580-2EB1-423B-8568-9FFB1D4AA9F5}.Release|Any CPU.ActiveCfg = Release|Any CPU
		{61E24580-2EB1-423B-8568-9FFB1D4AA9F5}.Release|Any CPU.Build.0 = Release|Any CPU
		{EBC56B8C-1298-43F0-B5B7-22C3AFD9C609}.Debug|Any CPU.ActiveCfg = Debug|Any CPU
		{EBC56B8C-1298-43F0-B5B7-22C3AFD9C609}.Debug|Any CPU.Build.0 = Debug|Any CPU
		{EBC56B8C-1298-43F0-B5B7-22C3AFD9C609}.Release|Any CPU.ActiveCfg = Release|Any CPU
		{EBC56B8C-1298-43F0-B5B7-22C3AFD9C609}.Release|Any CPU.Build.0 = Release|Any CPU
		{8E1577B2-0008-4E3D-B969-9F6C47A638F0}.Debug|Any CPU.ActiveCfg = Debug|Any CPU
		{8E1577B2-0008-4E3D-B969-9F6C47A638F0}.Debug|Any CPU.Build.0 = Debug|Any CPU
		{8E1577B2-0008-4E3D-B969-9F6C47A638F0}.Release|Any CPU.ActiveCfg = Release|Any CPU
		{8E1577B2-0008-4E3D-B969-9F6C47A638F0}.Release|Any CPU.Build.0 = Release|Any CPU
		{294A77C1-242C-4328-B220-056782A41794}.Debug|Any CPU.ActiveCfg = Debug|Any CPU
		{294A77C1-242C-4328-B220-056782A41794}.Debug|Any CPU.Build.0 = Debug|Any CPU
		{294A77C1-242C-4328-B220-056782A41794}.Release|Any CPU.ActiveCfg = Release|Any CPU
		{294A77C1-242C-4328-B220-056782A41794}.Release|Any CPU.Build.0 = Release|Any CPU
		{CF9FB39E-A42E-43C0-9658-FBEB4571ECBA}.Debug|Any CPU.ActiveCfg = Debug|Any CPU
		{CF9FB39E-A42E-43C0-9658-FBEB4571ECBA}.Debug|Any CPU.Build.0 = Debug|Any CPU
		{CF9FB39E-A42E-43C0-9658-FBEB4571ECBA}.Release|Any CPU.ActiveCfg = Release|Any CPU
		{CF9FB39E-A42E-43C0-9658-FBEB4571ECBA}.Release|Any CPU.Build.0 = Release|Any CPU
		{D789A5C4-6CC7-4F3A-9279-A72C353A601A}.Debug|Any CPU.ActiveCfg = Debug|Any CPU
		{D789A5C4-6CC7-4F3A-9279-A72C353A601A}.Debug|Any CPU.Build.0 = Debug|Any CPU
		{D789A5C4-6CC7-4F3A-9279-A72C353A601A}.Release|Any CPU.ActiveCfg = Release|Any CPU
		{D789A5C4-6CC7-4F3A-9279-A72C353A601A}.Release|Any CPU.Build.0 = Release|Any CPU
	EndGlobalSection
	GlobalSection(SolutionProperties) = preSolution
		HideSolutionNode = FALSE
	EndGlobalSection
	GlobalSection(NestedProjects) = preSolution
		{A9508B8B-4B4A-4F4E-BE55-B10E25EEC0A8} = {02EA681E-C7D8-13C7-8484-4AC65E1B71E8}
		{FDF596A7-38EC-41CF-8364-20D593487505} = {02EA681E-C7D8-13C7-8484-4AC65E1B71E8}
		{0A0C10E8-1324-4BCA-BDC1-5B28909E8D4C} = {02EA681E-C7D8-13C7-8484-4AC65E1B71E8}
		{AEFCF733-8F14-4654-8F4C-6120E5E3DB22} = {CFF4D9CF-2BD3-4DBE-8CD2-37C7DC4A4FFB}
		{ED970B16-9ADD-40FA-943F-DA0CF9922B7E} = {CFF4D9CF-2BD3-4DBE-8CD2-37C7DC4A4FFB}
		{8532A58E-D4D4-40B3-96DB-C4EE11ED7DC7} = {CFF4D9CF-2BD3-4DBE-8CD2-37C7DC4A4FFB}
		{2CF0330C-0A55-4865-BB66-4439D050AB7A} = {03C1F290-A023-4151-9CA1-73A777A50B0A}
		{1522289E-C3A0-4384-9BE3-D59D79AF68E6} = {03C1F290-A023-4151-9CA1-73A777A50B0A}
		{2A0801A2-B3D3-466F-A974-9E885A674D4A} = {03C1F290-A023-4151-9CA1-73A777A50B0A}
		{61E24580-2EB1-423B-8568-9FFB1D4AA9F5} = {65BEFE12-CE18-4FDB-98A5-1ED188F37776}
		{EBC56B8C-1298-43F0-B5B7-22C3AFD9C609} = {65BEFE12-CE18-4FDB-98A5-1ED188F37776}
		{8E1577B2-0008-4E3D-B969-9F6C47A638F0} = {65BEFE12-CE18-4FDB-98A5-1ED188F37776}
		{294A77C1-242C-4328-B220-056782A41794} = {FDA306F2-8B89-4B42-B844-4A1B2EFA93A6}
		{CF9FB39E-A42E-43C0-9658-FBEB4571ECBA} = {FDA306F2-8B89-4B42-B844-4A1B2EFA93A6}
		{D789A5C4-6CC7-4F3A-9279-A72C353A601A} = {FDA306F2-8B89-4B42-B844-4A1B2EFA93A6}
	EndGlobalSection
	GlobalSection(ExtensibilityGlobals) = postSolution
		SolutionGuid = {97CD7FF3-9ABD-4CBD-A293-278E0B69C48C}
	EndGlobalSection
EndGlobal
